{
  "version": 4,
  "terraform_version": "0.12.25",
  "serial": 13,
  "lineage": "d3f258c5-57ac-2272-0cda-8f109e3eb868",
  "outputs": {
    "connection_strings": {
      "value": [
        "mongodb://training-cosmos-db-qdmy5:ir1CY20GHXXRQlSXvK7ezZ4HLj3pTl5M3nLSdXpKq3JYDlkGWXmpXAw0YPh9Zvfs5XfcU0dCEt0qxgx2PyKVXw==@training-cosmos-db-qdmy5.documents.azure.com:10255/?ssl=true\u0026replicaSet=globaldb",
        "mongodb://training-cosmos-db-qdmy5:BZgZQ6ATcN9W866CAn59upLAbjk964CBZ9sDdDQfJEF3VworqudRBMaGOP0RbWT0LAsp6lNonuu7q0j9uXrClw==@training-cosmos-db-qdmy5.documents.azure.com:10255/?ssl=true\u0026replicaSet=globaldb",
        "mongodb://training-cosmos-db-qdmy5:Kr3EYBqTrHh7QbxSBC7hUYB3F89HswNHJYN50I6fNQNXxRn51BUSheBtESdI04omPIzk0hactmu6ATSuRj9KEQ==@training-cosmos-db-qdmy5.documents.azure.com:10255/?ssl=true\u0026replicaSet=globaldb",
        "mongodb://training-cosmos-db-qdmy5:IkHw51lH4AaZWzlvFxgD1Ekz8XXsOaMxtMxVICwBfZZLaItaCKQrUg0Rhoe7WjHv8dANVWb27sqtktP2x4HtaQ==@training-cosmos-db-qdmy5.documents.azure.com:10255/?ssl=true\u0026replicaSet=globaldb"
      ],
      "type": [
        "list",
        "string"
      ]
    },
    "demo_instance_public_ip": {
      "value": "40.115.10.56",
      "type": "string"
    }
  },
  "resources": [
    {
      "mode": "managed",
      "type": "azurerm_cosmosdb_account",
      "name": "db",
      "provider": "provider.azurerm",
      "instances": [
        {
          "schema_version": 0,
          "attributes": {
            "capabilities": [
              {
                "name": "MongoDBv3.4"
              }
            ],
            "connection_strings": [
              "mongodb://training-cosmos-db-qdmy5:ir1CY20GHXXRQlSXvK7ezZ4HLj3pTl5M3nLSdXpKq3JYDlkGWXmpXAw0YPh9Zvfs5XfcU0dCEt0qxgx2PyKVXw==@training-cosmos-db-qdmy5.documents.azure.com:10255/?ssl=true\u0026replicaSet=globaldb",
              "mongodb://training-cosmos-db-qdmy5:BZgZQ6ATcN9W866CAn59upLAbjk964CBZ9sDdDQfJEF3VworqudRBMaGOP0RbWT0LAsp6lNonuu7q0j9uXrClw==@training-cosmos-db-qdmy5.documents.azure.com:10255/?ssl=true\u0026replicaSet=globaldb",
              "mongodb://training-cosmos-db-qdmy5:Kr3EYBqTrHh7QbxSBC7hUYB3F89HswNHJYN50I6fNQNXxRn51BUSheBtESdI04omPIzk0hactmu6ATSuRj9KEQ==@training-cosmos-db-qdmy5.documents.azure.com:10255/?ssl=true\u0026replicaSet=globaldb",
              "mongodb://training-cosmos-db-qdmy5:IkHw51lH4AaZWzlvFxgD1Ekz8XXsOaMxtMxVICwBfZZLaItaCKQrUg0Rhoe7WjHv8dANVWb27sqtktP2x4HtaQ==@training-cosmos-db-qdmy5.documents.azure.com:10255/?ssl=true\u0026replicaSet=globaldb"
            ],
            "consistency_policy": [
              {
                "consistency_level": "BoundedStaleness",
                "max_interval_in_seconds": 300,
                "max_staleness_prefix": 100000
              }
            ],
            "enable_automatic_failover": true,
            "enable_multiple_write_locations": false,
            "endpoint": "https://training-cosmos-db-qdmy5.documents.azure.com:443/",
            "failover_policy": [],
            "geo_location": [
              {
                "failover_priority": 0,
                "id": "cosmosdb-sqdmy5-main",
                "location": "westeurope",
                "prefix": "cosmosdb-sqdmy5-main"
              },
              {
                "failover_priority": 1,
                "id": "training-cosmos-db-qdmy5-uksouth",
                "location": "uksouth",
                "prefix": ""
              }
            ],
            "id": "/subscriptions/53e27966-3c0c-4161-9b47-3df43eabc630/resourceGroups/testmongo/providers/Microsoft.DocumentDB/databaseAccounts/training-cosmos-db-qdmy5",
            "ip_range_filter": "",
            "is_virtual_network_filter_enabled": true,
            "kind": "MongoDB",
            "location": "westeurope",
            "name": "training-cosmos-db-qdmy5",
            "offer_type": "Standard",
            "primary_master_key": "ir1CY20GHXXRQlSXvK7ezZ4HLj3pTl5M3nLSdXpKq3JYDlkGWXmpXAw0YPh9Zvfs5XfcU0dCEt0qxgx2PyKVXw==",
            "primary_readonly_master_key": "Kr3EYBqTrHh7QbxSBC7hUYB3F89HswNHJYN50I6fNQNXxRn51BUSheBtESdI04omPIzk0hactmu6ATSuRj9KEQ==",
            "read_endpoints": [
              "https://cosmosdb-sqdmy5-main.documents.azure.com:443/",
              "https://training-cosmos-db-qdmy5-uksouth.documents.azure.com:443/"
            ],
            "resource_group_name": "testmongo",
            "secondary_master_key": "BZgZQ6ATcN9W866CAn59upLAbjk964CBZ9sDdDQfJEF3VworqudRBMaGOP0RbWT0LAsp6lNonuu7q0j9uXrClw==",
            "secondary_readonly_master_key": "IkHw51lH4AaZWzlvFxgD1Ekz8XXsOaMxtMxVICwBfZZLaItaCKQrUg0Rhoe7WjHv8dANVWb27sqtktP2x4HtaQ==",
            "tags": {},
            "virtual_network_rule": [
              {
                "id": "/subscriptions/53e27966-3c0c-4161-9b47-3df43eabc630/resourceGroups/testmongo/providers/Microsoft.Network/virtualNetworks/testmongo-network/subnets/testmongo-internal-1"
              }
            ],
            "write_endpoints": [
              "https://cosmosdb-sqdmy5-main.documents.azure.com:443/"
            ]
          },
          "private": "bnVsbA==",
          "dependencies": [
            "azurerm_resource_group.testmongo",
            "azurerm_subnet.testmongo-internal-1",
            "azurerm_virtual_network.testmongo",
            "random_string.random-name"
          ]
        }
      ]
    },
    {
      "mode": "managed",
      "type": "azurerm_cosmosdb_mongo_collection",
      "name": "mongo-example-collection",
      "provider": "provider.azurerm",
      "instances": [
        {
          "schema_version": 0,
          "attributes": {
            "account_name": "training-cosmos-db-qdmy5",
            "database_name": "trainig-cosmos-mongo-db",
            "default_ttl_seconds": 777,
            "id": "/subscriptions/53e27966-3c0c-4161-9b47-3df43eabc630/resourceGroups/testmongo/providers/Microsoft.DocumentDB/databaseAccounts/training-cosmos-db-qdmy5/apis/mongodb/databases/trainig-cosmos-mongo-db/collections/training-cosmos-mongo-db",
            "indexes": [
              {
                "key": "aKey",
                "unique": false
              },
              {
                "key": "uniqueKey",
                "unique": true
              }
            ],
            "name": "training-cosmos-mongo-db",
            "resource_group_name": "testmongo",
            "shard_key": "uniqueKey"
          },
          "private": "bnVsbA==",
          "dependencies": [
            "azurerm_cosmosdb_account.db",
            "azurerm_cosmosdb_mongo_database.mongo-example-database",
            "azurerm_resource_group.testmongo",
            "azurerm_subnet.testmongo-internal-1",
            "azurerm_virtual_network.testmongo",
            "random_string.random-name"
          ]
        }
      ]
    },
    {
      "mode": "managed",
      "type": "azurerm_cosmosdb_mongo_database",
      "name": "mongo-example-database",
      "provider": "provider.azurerm",
      "instances": [
        {
          "schema_version": 0,
          "attributes": {
            "account_name": "training-cosmos-db-qdmy5",
            "id": "/subscriptions/53e27966-3c0c-4161-9b47-3df43eabc630/resourceGroups/testmongo/providers/Microsoft.DocumentDB/databaseAccounts/training-cosmos-db-qdmy5/apis/mongodb/databases/trainig-cosmos-mongo-db",
            "name": "trainig-cosmos-mongo-db",
            "resource_group_name": "testmongo"
          },
          "private": "bnVsbA==",
          "dependencies": [
            "azurerm_cosmosdb_account.db",
            "azurerm_resource_group.testmongo",
            "azurerm_subnet.testmongo-internal-1",
            "azurerm_virtual_network.testmongo",
            "random_string.random-name"
          ]
        }
      ]
    },
    {
      "mode": "managed",
      "type": "azurerm_network_interface",
      "name": "testmongo-instance",
      "provider": "provider.azurerm",
      "instances": [
        {
          "schema_version": 0,
          "attributes": {
            "applied_dns_servers": [],
            "dns_servers": [],
            "enable_accelerated_networking": false,
            "enable_ip_forwarding": false,
            "id": "/subscriptions/53e27966-3c0c-4161-9b47-3df43eabc630/resourceGroups/testmongo/providers/Microsoft.Network/networkInterfaces/testmongo-instance1",
            "internal_dns_name_label": "",
            "internal_fqdn": "",
            "ip_configuration": [
              {
                "application_gateway_backend_address_pools_ids": [],
                "application_security_group_ids": [],
                "load_balancer_backend_address_pools_ids": [],
                "load_balancer_inbound_nat_rules_ids": [],
                "name": "instance1",
                "primary": true,
                "private_ip_address": "",
                "private_ip_address_allocation": "dynamic",
                "private_ip_address_version": "IPv4",
                "public_ip_address_id": "/subscriptions/53e27966-3c0c-4161-9b47-3df43eabc630/resourceGroups/testmongo/providers/Microsoft.Network/publicIPAddresses/instance1-public-ip",
                "subnet_id": "/subscriptions/53e27966-3c0c-4161-9b47-3df43eabc630/resourceGroups/testmongo/providers/Microsoft.Network/virtualNetworks/testmongo-network/subnets/testmongo-internal-1"
              }
            ],
            "location": "westeurope",
            "mac_address": "00-0D-3A-28-C6-7F",
            "name": "testmongo-instance1",
            "network_security_group_id": "/subscriptions/53e27966-3c0c-4161-9b47-3df43eabc630/resourceGroups/testmongo/providers/Microsoft.Network/networkSecurityGroups/testmongo-allow-ssh",
            "private_ip_address": "192.168.0.4",
            "private_ip_addresses": [
              "192.168.0.4"
            ],
            "resource_group_name": "testmongo",
            "tags": {},
            "virtual_machine_id": "/subscriptions/53e27966-3c0c-4161-9b47-3df43eabc630/resourceGroups/testmongo/providers/Microsoft.Compute/virtualMachines/testmongo-vm"
          },
          "private": "bnVsbA==",
          "dependencies": [
            "azurerm_network_security_group.allow-ssh",
            "azurerm_public_ip.testmongo-instance",
            "azurerm_resource_group.testmongo",
            "azurerm_subnet.testmongo-internal-1",
            "azurerm_virtual_network.testmongo"
          ]
        }
      ]
    },
    {
      "mode": "managed",
      "type": "azurerm_network_security_group",
      "name": "allow-ssh",
      "provider": "provider.azurerm",
      "instances": [
        {
          "schema_version": 0,
          "attributes": {
            "id": "/subscriptions/53e27966-3c0c-4161-9b47-3df43eabc630/resourceGroups/testmongo/providers/Microsoft.Network/networkSecurityGroups/testmongo-allow-ssh",
            "location": "westeurope",
            "name": "testmongo-allow-ssh",
            "resource_group_name": "testmongo",
            "security_rule": [
              {
                "access": "Allow",
                "description": "",
                "destination_address_prefix": "*",
                "destination_address_prefixes": [],
                "destination_application_security_group_ids": [],
                "destination_port_range": "22",
                "destination_port_ranges": [],
                "direction": "Inbound",
                "name": "SSH",
                "priority": 250,
                "protocol": "Tcp",
                "source_address_prefix": "*",
                "source_address_prefixes": [],
                "source_application_security_group_ids": [],
                "source_port_range": "*",
                "source_port_ranges": []
              }
            ],
            "tags": {}
          },
          "private": "bnVsbA==",
          "dependencies": [
            "azurerm_resource_group.testmongo"
          ]
        }
      ]
    },
    {
      "mode": "managed",
      "type": "azurerm_public_ip",
      "name": "testmongo-instance",
      "provider": "provider.azurerm",
      "instances": [
        {
          "schema_version": 0,
          "attributes": {
            "allocation_method": "Dynamic",
            "domain_name_label": null,
            "fqdn": null,
            "id": "/subscriptions/53e27966-3c0c-4161-9b47-3df43eabc630/resourceGroups/testmongo/providers/Microsoft.Network/publicIPAddresses/instance1-public-ip",
            "idle_timeout_in_minutes": 4,
            "ip_address": "40.115.10.56",
            "ip_version": "IPv4",
            "location": "westeurope",
            "name": "instance1-public-ip",
            "public_ip_address_allocation": "Dynamic",
            "public_ip_prefix_id": null,
            "resource_group_name": "testmongo",
            "reverse_fqdn": null,
            "sku": "Basic",
            "tags": {},
            "zones": []
          },
          "private": "bnVsbA==",
          "dependencies": [
            "azurerm_resource_group.testmongo"
          ]
        }
      ]
    },
    {
      "mode": "managed",
      "type": "azurerm_resource_group",
      "name": "testmongo",
      "provider": "provider.azurerm",
      "instances": [
        {
          "schema_version": 0,
          "attributes": {
            "id": "/subscriptions/53e27966-3c0c-4161-9b47-3df43eabc630/resourceGroups/testmongo",
            "location": "westeurope",
            "name": "testmongo",
            "tags": {}
          },
          "private": "bnVsbA=="
        }
      ]
    },
    {
      "mode": "managed",
      "type": "azurerm_subnet",
      "name": "testmongo-internal-1",
      "provider": "provider.azurerm",
      "instances": [
        {
          "schema_version": 0,
          "attributes": {
            "address_prefix": "192.168.0.0/24",
            "delegation": [],
            "id": "/subscriptions/53e27966-3c0c-4161-9b47-3df43eabc630/resourceGroups/testmongo/providers/Microsoft.Network/virtualNetworks/testmongo-network/subnets/testmongo-internal-1",
            "ip_configurations": [
              "/subscriptions/53e27966-3c0c-4161-9b47-3df43eabc630/resourceGroups/testmongo/providers/Microsoft.Network/networkInterfaces/testmongo-instance1/ipConfigurations/instance1"
            ],
            "name": "testmongo-internal-1",
            "network_security_group_id": "",
            "resource_group_name": "testmongo",
            "route_table_id": "",
            "service_endpoints": [
              "Microsoft.AzureCosmosDB"
            ],
            "virtual_network_name": "testmongo-network"
          },
          "private": "bnVsbA==",
          "dependencies": [
            "azurerm_resource_group.testmongo",
            "azurerm_virtual_network.testmongo"
          ]
        }
      ]
    },
    {
      "mode": "managed",
      "type": "azurerm_virtual_machine",
      "name": "testmongo-instance",
      "provider": "provider.azurerm",
      "instances": [
        {
          "schema_version": 0,
          "attributes": {
            "additional_capabilities": [],
            "availability_set_id": null,
            "boot_diagnostics": [],
            "delete_data_disks_on_termination": true,
            "delete_os_disk_on_termination": true,
            "id": "/subscriptions/53e27966-3c0c-4161-9b47-3df43eabc630/resourceGroups/testmongo/providers/Microsoft.Compute/virtualMachines/testmongo-vm",
            "identity": [],
            "license_type": null,
            "location": "westeurope",
            "name": "testmongo-vm",
            "network_interface_ids": [
              "/subscriptions/53e27966-3c0c-4161-9b47-3df43eabc630/resourceGroups/testmongo/providers/Microsoft.Network/networkInterfaces/testmongo-instance1"
            ],
            "os_profile": [
              {
                "admin_password": "",
                "admin_username": "linuxusr",
                "computer_name": "mongo-instance",
                "custom_data": ""
              }
            ],
            "os_profile_linux_config": [
              {
                "disable_password_authentication": true,
                "ssh_keys": [
                  {
                    "key_data": "---- BEGIN SSH2 PUBLIC KEY ----\r\nComment: \"rsa-key-20200518\"\r\nAAAAB3NzaC1yc2EAAAABJQAAAQEAiudpX3pNZszPf5FTn64acsEzegMyGEIRV0PT\r\njKpZKoWqbNcm6ky8fKu1c3nbzVciNewftYqOkTn8zflP7AahKxKiB5qD2rUgMgdM\r\nKMapBUAfxN4LlPQgFUdtPR5R4xV5ka5ti95+x5hsh8XrafnH3gzNSWXbQTaP/ZW0\r\nU/b/5d8hJCLM6v1n49kAx1jB/lAE8lD8UWQb9+FTdjOZCfyYvsttTIy4oDr0HWKw\r\nhFsgVFM+yMPlg2rUyOThmhXJOg78mQgXT5Aq4g9kxzrT8KHl5GnFk20knYRMOmZg\r\niyU8iTABdJdurS4Ar5zmdWpt5Sdn5XE6/nX+26udDXzSkia03Q==\r\n---- END SSH2 PUBLIC KEY ----\r\n",
                    "path": "/home/linuxusr/.ssh/authorized_keys"
                  }
                ]
              }
            ],
            "os_profile_secrets": [],
            "os_profile_windows_config": [],
            "plan": [],
            "primary_network_interface_id": null,
            "proximity_placement_group_id": null,
            "resource_group_name": "testmongo",
            "storage_data_disk": [],
            "storage_image_reference": [
              {
                "id": "",
                "offer": "UbuntuServer",
                "publisher": "Canonical",
                "sku": "18.04-LTS",
                "version": "latest"
              }
            ],
            "storage_os_disk": [
              {
                "caching": "ReadWrite",
                "create_option": "FromImage",
                "disk_size_gb": 30,
                "image_uri": "",
                "managed_disk_id": "/subscriptions/53e27966-3c0c-4161-9b47-3df43eabc630/resourceGroups/TESTMONGO/providers/Microsoft.Compute/disks/myosdisk1",
                "managed_disk_type": "Standard_LRS",
                "name": "myosdisk1",
                "os_type": "Linux",
                "vhd_uri": "",
                "write_accelerator_enabled": false
              }
            ],
            "tags": {},
            "vm_size": "Standard_A1_v2",
            "zones": []
          },
          "private": "bnVsbA==",
          "dependencies": [
            "azurerm_network_interface.testmongo-instance",
            "azurerm_network_security_group.allow-ssh",
            "azurerm_public_ip.testmongo-instance",
            "azurerm_resource_group.testmongo",
            "azurerm_subnet.testmongo-internal-1",
            "azurerm_virtual_network.testmongo"
          ]
        }
      ]
    },
    {
      "mode": "managed",
      "type": "azurerm_virtual_network",
      "name": "testmongo",
      "provider": "provider.azurerm",
      "instances": [
        {
          "schema_version": 0,
          "attributes": {
            "address_space": [
              "192.168.0.0/16"
            ],
            "ddos_protection_plan": [],
            "dns_servers": [],
            "id": "/subscriptions/53e27966-3c0c-4161-9b47-3df43eabc630/resourceGroups/testmongo/providers/Microsoft.Network/virtualNetworks/testmongo-network",
            "location": "westeurope",
            "name": "testmongo-network",
            "resource_group_name": "testmongo",
            "subnet": [
              {
                "address_prefix": "192.168.0.0/24",
                "id": "/subscriptions/53e27966-3c0c-4161-9b47-3df43eabc630/resourceGroups/testmongo/providers/Microsoft.Network/virtualNetworks/testmongo-network/subnets/testmongo-internal-1",
                "name": "testmongo-internal-1",
                "security_group": ""
              }
            ],
            "tags": {}
          },
          "private": "bnVsbA==",
          "dependencies": [
            "azurerm_resource_group.testmongo"
          ]
        }
      ]
    },
    {
      "mode": "managed",
      "type": "random_string",
      "name": "random-name",
      "provider": "provider.random",
      "instances": [
        {
          "schema_version": 1,
          "attributes": {
            "id": "qdmy5",
            "keepers": null,
            "length": 5,
            "lower": true,
            "min_lower": 0,
            "min_numeric": 0,
            "min_special": 0,
            "min_upper": 0,
            "number": true,
            "override_special": null,
            "result": "qdmy5",
            "special": false,
            "upper": false
          },
          "private": "eyJzY2hlbWFfdmVyc2lvbiI6IjEifQ=="
        }
      ]
    }
  ]
}
